
Microsoft Visual Studio Solution File, Format Version 12.00
# Visual Studio Version 16
VisualStudioVersion = 16.0.31624.102
MinimumVisualStudioVersion = 10.0.40219.1
Project("{FAE04EC0-301F-11D3-BF4B-00C04F79EFBC}") = "Phase4Module1", "Phase4Module1\Phase4Module1.csproj", "{8F2892C6-3373-4082-8C79-1AC078F8A447}"
EndProject
Project("{FAE04EC0-301F-11D3-BF4B-00C04F79EFBC}") = "BDDDemo", "BDDDemo\BDDDemo.csproj", "{61F0CB1E-7556-4022-ADDB-5E3D9F17EF1E}"
EndProject
Project("{FAE04EC0-301F-11D3-BF4B-00C04F79EFBC}") = "NUnitLab", "NUnitLab\NUnitLab.csproj", "{C273D90D-D251-4A20-B7FA-C0D14DB76467}"
EndProject
Global
	GlobalSection(SolutionConfigurationPlatforms) = preSolution
		Debug|Any CPU = Debug|Any CPU
		Release|Any CPU = Release|Any CPU
	EndGlobalSection
	GlobalSection(ProjectConfigurationPlatforms) = postSolution
		{8F2892C6-3373-4082-8C79-1AC078F8A447}.Debug|Any CPU.ActiveCfg = Debug|Any CPU
		{8F2892C6-3373-4082-8C79-1AC078F8A447}.Debug|Any CPU.Build.0 = Debug|Any CPU
		{8F2892C6-3373-4082-8C79-1AC078F8A447}.Release|Any CPU.ActiveCfg = Release|Any CPU
		{8F2892C6-3373-4082-8C79-1AC078F8A447}.Release|Any CPU.Build.0 = Release|Any CPU
		{61F0CB1E-7556-4022-ADDB-5E3D9F17EF1E}.Debug|Any CPU.ActiveCfg = Debug|Any CPU
		{61F0CB1E-7556-4022-ADDB-5E3D9F17EF1E}.Debug|Any CPU.Build.0 = Debug|Any CPU
		{61F0CB1E-7556-4022-ADDB-5E3D9F17EF1E}.Release|Any CPU.ActiveCfg = Release|Any CPU
		{61F0CB1E-7556-4022-ADDB-5E3D9F17EF1E}.Release|Any CPU.Build.0 = Release|Any CPU
		{C273D90D-D251-4A20-B7FA-C0D14DB76467}.Debug|Any CPU.ActiveCfg = Debug|Any CPU
		{C273D90D-D251-4A20-B7FA-C0D14DB76467}.Debug|Any CPU.Build.0 = Debug|Any CPU
		{C273D90D-D251-4A20-B7FA-C0D14DB76467}.Release|Any CPU.ActiveCfg = Release|Any CPU
		{C273D90D-D251-4A20-B7FA-C0D14DB76467}.Release|Any CPU.Build.0 = Release|Any CPU
	EndGlobalSection
	GlobalSection(SolutionProperties) = preSolution
		HideSolutionNode = FALSE
	EndGlobalSection
	GlobalSection(ExtensibilityGlobals) = postSolution
		SolutionGuid = {2DF09414-D4AE-4E58-B87E-403D108018D2}
	EndGlobalSection
EndGlobal
